// !$*UTF8*$!
{
	archiveVersion = 1;
	classes = {
	};
	objectVersion = 46;
	objects = {

/* Begin PBXBuildFile section */
		1D229241B0A58A4ABE552093 /* libPods.a in Frameworks */ = {isa = PBXBuildFile; fileRef = A27DD4D7E0D9C78157C2936B /* libPods.a */; };
		363904811BE1BBED006C442A /* indexdata.m in Sources */ = {isa = PBXBuildFile; fileRef = 363904801BE1BBED006C442A /* indexdata.m */; };
		3646C2881BDDC89C0016435E /* NetGetController.m in Sources */ = {isa = PBXBuildFile; fileRef = 3646C2871BDDC89C0016435E /* NetGetController.m */; };
		3646C28C1BDDD1B60016435E /* UIView+Extension.m in Sources */ = {isa = PBXBuildFile; fileRef = 3646C28B1BDDD1B60016435E /* UIView+Extension.m */; };
		3646C2941BDDD3D00016435E /* UIColor+Extension.m in Sources */ = {isa = PBXBuildFile; fileRef = 3646C28F1BDDD3D00016435E /* UIColor+Extension.m */; };
		3646C2951BDDD3D00016435E /* UIFont+Extension.m in Sources */ = {isa = PBXBuildFile; fileRef = 3646C2911BDDD3D00016435E /* UIFont+Extension.m */; };
		3646C2961BDDD3D00016435E /* UIImage+Extension.m in Sources */ = {isa = PBXBuildFile; fileRef = 3646C2931BDDD3D00016435E /* UIImage+Extension.m */; };
		3646C2991BDDD4420016435E /* constants.m in Sources */ = {isa = PBXBuildFile; fileRef = 3646C2981BDDD4420016435E /* constants.m */; };
		3677C17B1BB68A1800D66738 /* User_Content.m in Sources */ = {isa = PBXBuildFile; fileRef = 3677C1791BB68A1800D66738 /* User_Content.m */; };
		3677C17C1BB68A1800D66738 /* User_Content.xib in Resources */ = {isa = PBXBuildFile; fileRef = 3677C17A1BB68A1800D66738 /* User_Content.xib */; };
		3677C1801BB6934900D66738 /* LearnViewController.m in Sources */ = {isa = PBXBuildFile; fileRef = 3677C17E1BB6934900D66738 /* LearnViewController.m */; };
		3677C1811BB6934900D66738 /* LearnViewController.xib in Resources */ = {isa = PBXBuildFile; fileRef = 3677C17F1BB6934900D66738 /* LearnViewController.xib */; };
		36852CC61BB5216900EC389E /* MainViewController.m in Sources */ = {isa = PBXBuildFile; fileRef = 36852CC41BB5216900EC389E /* MainViewController.m */; };
		36852CC71BB5216900EC389E /* MainViewController.xib in Resources */ = {isa = PBXBuildFile; fileRef = 36852CC51BB5216900EC389E /* MainViewController.xib */; };
		36852CCB1BB524F500EC389E /* TabBarViewController.m in Sources */ = {isa = PBXBuildFile; fileRef = 36852CC91BB524F500EC389E /* TabBarViewController.m */; };
		36852CCC1BB524F500EC389E /* TabBarViewController.xib in Resources */ = {isa = PBXBuildFile; fileRef = 36852CCA1BB524F500EC389E /* TabBarViewController.xib */; };
		36852CCE1BB52C9500EC389E /* weather.jpg in Resources */ = {isa = PBXBuildFile; fileRef = 36852CCD1BB52C9500EC389E /* weather.jpg */; };
		36852CD61BB534C600EC389E /* ConfigViewController.m in Sources */ = {isa = PBXBuildFile; fileRef = 36852CD41BB534C600EC389E /* ConfigViewController.m */; };
		36852CD71BB534C600EC389E /* ConfigViewController.xib in Resources */ = {isa = PBXBuildFile; fileRef = 36852CD51BB534C600EC389E /* ConfigViewController.xib */; };
		36852CDB1BB5369900EC389E /* Index_Content.m in Sources */ = {isa = PBXBuildFile; fileRef = 36852CD91BB5369900EC389E /* Index_Content.m */; };
		36852CDC1BB5369900EC389E /* Index_Content.xib in Resources */ = {isa = PBXBuildFile; fileRef = 36852CDA1BB5369900EC389E /* Index_Content.xib */; };
		36852CE21BB5537700EC389E /* Index_ViewController.m in Sources */ = {isa = PBXBuildFile; fileRef = 36852CE01BB5537700EC389E /* Index_ViewController.m */; };
		36852CE31BB5537700EC389E /* Index_ViewController.xib in Resources */ = {isa = PBXBuildFile; fileRef = 36852CE11BB5537700EC389E /* Index_ViewController.xib */; };
		36852CE71BB5541F00EC389E /* UserCenterViewController.m in Sources */ = {isa = PBXBuildFile; fileRef = 36852CE51BB5541F00EC389E /* UserCenterViewController.m */; };
		36852CE81BB5541F00EC389E /* UserCenterViewController.xib in Resources */ = {isa = PBXBuildFile; fileRef = 36852CE61BB5541F00EC389E /* UserCenterViewController.xib */; };
		36B424351BB3FF7600F054A9 /* main.m in Sources */ = {isa = PBXBuildFile; fileRef = 36B424341BB3FF7600F054A9 /* main.m */; };
		36B424381BB3FF7600F054A9 /* AppDelegate.m in Sources */ = {isa = PBXBuildFile; fileRef = 36B424371BB3FF7600F054A9 /* AppDelegate.m */; };
		36B4243B1BB3FF7600F054A9 /* ViewController.m in Sources */ = {isa = PBXBuildFile; fileRef = 36B4243A1BB3FF7600F054A9 /* ViewController.m */; };
		36B424401BB3FF7600F054A9 /* Assets.xcassets in Resources */ = {isa = PBXBuildFile; fileRef = 36B4243F1BB3FF7600F054A9 /* Assets.xcassets */; };
		36EA6D971BB6461A009E755F /* WebViewController.m in Sources */ = {isa = PBXBuildFile; fileRef = 36EA6D951BB6461A009E755F /* WebViewController.m */; };
		36EA6D981BB6461A009E755F /* WebViewController.xib in Resources */ = {isa = PBXBuildFile; fileRef = 36EA6D961BB6461A009E755F /* WebViewController.xib */; };
		36F5BD3F1BE2FECB00C373FE /* ProgramPacketViewController.m in Sources */ = {isa = PBXBuildFile; fileRef = 36F5BD3D1BE2FECB00C373FE /* ProgramPacketViewController.m */; };
		36F5BD401BE2FECB00C373FE /* ProgramPacketViewController.xib in Resources */ = {isa = PBXBuildFile; fileRef = 36F5BD3E1BE2FECB00C373FE /* ProgramPacketViewController.xib */; };
		4A0A4A6D1C14386C000D88CB /* XirenCoustNav.m in Sources */ = {isa = PBXBuildFile; fileRef = 4A0A4A6C1C14386C000D88CB /* XirenCoustNav.m */; };
		4A31EFE01C33CAA4003A147A /* ShuoMingViewController.m in Sources */ = {isa = PBXBuildFile; fileRef = 4A31EFDE1C33CAA4003A147A /* ShuoMingViewController.m */; };
		4A31EFE11C33CAA4003A147A /* ShuoMingViewController.xib in Resources */ = {isa = PBXBuildFile; fileRef = 4A31EFDF1C33CAA4003A147A /* ShuoMingViewController.xib */; };
		4AE3D3FC1C16E31A00C67574 /* Launch Screen.storyboard in Resources */ = {isa = PBXBuildFile; fileRef = 4AE3D3FB1C16E31A00C67574 /* Launch Screen.storyboard */; };
/* End PBXBuildFile section */

/* Begin PBXFileReference section */
		3639047F1BE1BBED006C442A /* indexdata.h */ = {isa = PBXFileReference; fileEncoding = 4; lastKnownFileType = sourcecode.c.h; path = indexdata.h; sourceTree = "<group>"; };
		363904801BE1BBED006C442A /* indexdata.m */ = {isa = PBXFileReference; fileEncoding = 4; lastKnownFileType = sourcecode.c.objc; path = indexdata.m; sourceTree = "<group>"; };
		3646C2861BDDC89C0016435E /* NetGetController.h */ = {isa = PBXFileReference; fileEncoding = 4; lastKnownFileType = sourcecode.c.h; path = NetGetController.h; sourceTree = "<group>"; };
		3646C2871BDDC89C0016435E /* NetGetController.m */ = {isa = PBXFileReference; fileEncoding = 4; lastKnownFileType = sourcecode.c.objc; path = NetGetController.m; sourceTree = "<group>"; };
		3646C28A1BDDD1B60016435E /* UIView+Extension.h */ = {isa = PBXFileReference; fileEncoding = 4; lastKnownFileType = sourcecode.c.h; name = "UIView+Extension.h"; path = "Categories/UIView+Extension.h"; sourceTree = "<group>"; };
		3646C28B1BDDD1B60016435E /* UIView+Extension.m */ = {isa = PBXFileReference; fileEncoding = 4; lastKnownFileType = sourcecode.c.objc; name = "UIView+Extension.m"; path = "Categories/UIView+Extension.m"; sourceTree = "<group>"; };
		3646C28E1BDDD3D00016435E /* UIColor+Extension.h */ = {isa = PBXFileReference; fileEncoding = 4; lastKnownFileType = sourcecode.c.h; name = "UIColor+Extension.h"; path = "Categories/UIColor+Extension.h"; sourceTree = "<group>"; };
		3646C28F1BDDD3D00016435E /* UIColor+Extension.m */ = {isa = PBXFileReference; fileEncoding = 4; lastKnownFileType = sourcecode.c.objc; name = "UIColor+Extension.m"; path = "Categories/UIColor+Extension.m"; sourceTree = "<group>"; };
		3646C2901BDDD3D00016435E /* UIFont+Extension.h */ = {isa = PBXFileReference; fileEncoding = 4; lastKnownFileType = sourcecode.c.h; name = "UIFont+Extension.h"; path = "Categories/UIFont+Extension.h"; sourceTree = "<group>"; };
		3646C2911BDDD3D00016435E /* UIFont+Extension.m */ = {isa = PBXFileReference; fileEncoding = 4; lastKnownFileType = sourcecode.c.objc; name = "UIFont+Extension.m"; path = "Categories/UIFont+Extension.m"; sourceTree = "<group>"; };
		3646C2921BDDD3D00016435E /* UIImage+Extension.h */ = {isa = PBXFileReference; fileEncoding = 4; lastKnownFileType = sourcecode.c.h; name = "UIImage+Extension.h"; path = "Categories/UIImage+Extension.h"; sourceTree = "<group>"; };
		3646C2931BDDD3D00016435E /* UIImage+Extension.m */ = {isa = PBXFileReference; fileEncoding = 4; lastKnownFileType = sourcecode.c.objc; name = "UIImage+Extension.m"; path = "Categories/UIImage+Extension.m"; sourceTree = "<group>"; };
		3646C2971BDDD4420016435E /* constants.h */ = {isa = PBXFileReference; fileEncoding = 4; lastKnownFileType = sourcecode.c.h; name = constants.h; path = Categories/constants.h; sourceTree = "<group>"; };
		3646C2981BDDD4420016435E /* constants.m */ = {isa = PBXFileReference; fileEncoding = 4; lastKnownFileType = sourcecode.c.objc; name = constants.m; path = Categories/constants.m; sourceTree = "<group>"; };
		3677C1781BB68A1800D66738 /* User_Content.h */ = {isa = PBXFileReference; fileEncoding = 4; lastKnownFileType = sourcecode.c.h; path = User_Content.h; sourceTree = "<group>"; };
		3677C1791BB68A1800D66738 /* User_Content.m */ = {isa = PBXFileReference; fileEncoding = 4; lastKnownFileType = sourcecode.c.objc; path = User_Content.m; sourceTree = "<group>"; };
		3677C17A1BB68A1800D66738 /* User_Content.xib */ = {isa = PBXFileReference; fileEncoding = 4; lastKnownFileType = file.xib; path = User_Content.xib; sourceTree = "<group>"; };
		3677C17D1BB6934900D66738 /* LearnViewController.h */ = {isa = PBXFileReference; fileEncoding = 4; lastKnownFileType = sourcecode.c.h; path = LearnViewController.h; sourceTree = "<group>"; };
		3677C17E1BB6934900D66738 /* LearnViewController.m */ = {isa = PBXFileReference; fileEncoding = 4; lastKnownFileType = sourcecode.c.objc; path = LearnViewController.m; sourceTree = "<group>"; };
		3677C17F1BB6934900D66738 /* LearnViewController.xib */ = {isa = PBXFileReference; fileEncoding = 4; lastKnownFileType = file.xib; path = LearnViewController.xib; sourceTree = "<group>"; };
		36852CC31BB5216900EC389E /* MainViewController.h */ = {isa = PBXFileReference; fileEncoding = 4; lastKnownFileType = sourcecode.c.h; path = MainViewController.h; sourceTree = "<group>"; };
		36852CC41BB5216900EC389E /* MainViewController.m */ = {isa = PBXFileReference; fileEncoding = 4; lastKnownFileType = sourcecode.c.objc; path = MainViewController.m; sourceTree = "<group>"; };
		36852CC51BB5216900EC389E /* MainViewController.xib */ = {isa = PBXFileReference; fileEncoding = 4; lastKnownFileType = file.xib; path = MainViewController.xib; sourceTree = "<group>"; };
		36852CC81BB524F500EC389E /* TabBarViewController.h */ = {isa = PBXFileReference; fileEncoding = 4; lastKnownFileType = sourcecode.c.h; path = TabBarViewController.h; sourceTree = "<group>"; };
		36852CC91BB524F500EC389E /* TabBarViewController.m */ = {isa = PBXFileReference; fileEncoding = 4; lastKnownFileType = sourcecode.c.objc; path = TabBarViewController.m; sourceTree = "<group>"; };
		36852CCA1BB524F500EC389E /* TabBarViewController.xib */ = {isa = PBXFileReference; fileEncoding = 4; lastKnownFileType = file.xib; path = TabBarViewController.xib; sourceTree = "<group>"; };
		36852CCD1BB52C9500EC389E /* weather.jpg */ = {isa = PBXFileReference; lastKnownFileType = image.jpeg; path = weather.jpg; sourceTree = "<group>"; };
		36852CD31BB534C600EC389E /* ConfigViewController.h */ = {isa = PBXFileReference; fileEncoding = 4; lastKnownFileType = sourcecode.c.h; path = ConfigViewController.h; sourceTree = "<group>"; };
		36852CD41BB534C600EC389E /* ConfigViewController.m */ = {isa = PBXFileReference; fileEncoding = 4; lastKnownFileType = sourcecode.c.objc; path = ConfigViewController.m; sourceTree = "<group>"; };
		36852CD51BB534C600EC389E /* ConfigViewController.xib */ = {isa = PBXFileReference; fileEncoding = 4; lastKnownFileType = file.xib; path = ConfigViewController.xib; sourceTree = "<group>"; };
		36852CD81BB5369900EC389E /* Index_Content.h */ = {isa = PBXFileReference; fileEncoding = 4; lastKnownFileType = sourcecode.c.h; path = Index_Content.h; sourceTree = "<group>"; };
		36852CD91BB5369900EC389E /* Index_Content.m */ = {isa = PBXFileReference; fileEncoding = 4; lastKnownFileType = sourcecode.c.objc; path = Index_Content.m; sourceTree = "<group>"; };
		36852CDA1BB5369900EC389E /* Index_Content.xib */ = {isa = PBXFileReference; fileEncoding = 4; lastKnownFileType = file.xib; path = Index_Content.xib; sourceTree = "<group>"; };
		36852CDF1BB5537700EC389E /* Index_ViewController.h */ = {isa = PBXFileReference; fileEncoding = 4; lastKnownFileType = sourcecode.c.h; path = Index_ViewController.h; sourceTree = "<group>"; };
		36852CE01BB5537700EC389E /* Index_ViewController.m */ = {isa = PBXFileReference; fileEncoding = 4; lastKnownFileType = sourcecode.c.objc; path = Index_ViewController.m; sourceTree = "<group>"; };
		36852CE11BB5537700EC389E /* Index_ViewController.xib */ = {isa = PBXFileReference; fileEncoding = 4; lastKnownFileType = file.xib; path = Index_ViewController.xib; sourceTree = "<group>"; };
		36852CE41BB5541F00EC389E /* UserCenterViewController.h */ = {isa = PBXFileReference; fileEncoding = 4; lastKnownFileType = sourcecode.c.h; path = UserCenterViewController.h; sourceTree = "<group>"; };
		36852CE51BB5541F00EC389E /* UserCenterViewController.m */ = {isa = PBXFileReference; fileEncoding = 4; lastKnownFileType = sourcecode.c.objc; path = UserCenterViewController.m; sourceTree = "<group>"; };
		36852CE61BB5541F00EC389E /* UserCenterViewController.xib */ = {isa = PBXFileReference; fileEncoding = 4; lastKnownFileType = file.xib; path = UserCenterViewController.xib; sourceTree = "<group>"; };
		36B424301BB3FF7600F054A9 /* ProClient.app */ = {isa = PBXFileReference; explicitFileType = wrapper.application; includeInIndex = 0; path = ProClient.app; sourceTree = BUILT_PRODUCTS_DIR; };
		36B424341BB3FF7600F054A9 /* main.m */ = {isa = PBXFileReference; lastKnownFileType = sourcecode.c.objc; path = main.m; sourceTree = "<group>"; };
		36B424361BB3FF7600F054A9 /* AppDelegate.h */ = {isa = PBXFileReference; lastKnownFileType = sourcecode.c.h; path = AppDelegate.h; sourceTree = "<group>"; };
		36B424371BB3FF7600F054A9 /* AppDelegate.m */ = {isa = PBXFileReference; lastKnownFileType = sourcecode.c.objc; path = AppDelegate.m; sourceTree = "<group>"; };
		36B424391BB3FF7600F054A9 /* ViewController.h */ = {isa = PBXFileReference; lastKnownFileType = sourcecode.c.h; path = ViewController.h; sourceTree = "<group>"; };
		36B4243A1BB3FF7600F054A9 /* ViewController.m */ = {isa = PBXFileReference; lastKnownFileType = sourcecode.c.objc; path = ViewController.m; sourceTree = "<group>"; };
		36B4243F1BB3FF7600F054A9 /* Assets.xcassets */ = {isa = PBXFileReference; lastKnownFileType = folder.assetcatalog; path = Assets.xcassets; sourceTree = "<group>"; };
		36B424441BB3FF7600F054A9 /* Info.plist */ = {isa = PBXFileReference; lastKnownFileType = text.plist.xml; path = Info.plist; sourceTree = "<group>"; };
		36E9DB011BB4EB3E003D664F /* PrefixHeader.pch */ = {isa = PBXFileReference; lastKnownFileType = sourcecode.c.h; path = PrefixHeader.pch; sourceTree = "<group>"; };
		36EA6D941BB6461A009E755F /* WebViewController.h */ = {isa = PBXFileReference; fileEncoding = 4; lastKnownFileType = sourcecode.c.h; path = WebViewController.h; sourceTree = "<group>"; };
		36EA6D951BB6461A009E755F /* WebViewController.m */ = {isa = PBXFileReference; fileEncoding = 4; lastKnownFileType = sourcecode.c.objc; path = WebViewController.m; sourceTree = "<group>"; };
		36EA6D961BB6461A009E755F /* WebViewController.xib */ = {isa = PBXFileReference; fileEncoding = 4; lastKnownFileType = file.xib; path = WebViewController.xib; sourceTree = "<group>"; };
		36F5BD3C1BE2FECB00C373FE /* ProgramPacketViewController.h */ = {isa = PBXFileReference; fileEncoding = 4; lastKnownFileType = sourcecode.c.h; path = ProgramPacketViewController.h; sourceTree = "<group>"; };
		36F5BD3D1BE2FECB00C373FE /* ProgramPacketViewController.m */ = {isa = PBXFileReference; fileEncoding = 4; lastKnownFileType = sourcecode.c.objc; path = ProgramPacketViewController.m; sourceTree = "<group>"; };
		36F5BD3E1BE2FECB00C373FE /* ProgramPacketViewController.xib */ = {isa = PBXFileReference; fileEncoding = 4; lastKnownFileType = file.xib; path = ProgramPacketViewController.xib; sourceTree = "<group>"; };
		4A0A4A6B1C14386C000D88CB /* XirenCoustNav.h */ = {isa = PBXFileReference; fileEncoding = 4; lastKnownFileType = sourcecode.c.h; name = XirenCoustNav.h; path = ProClient/XirenCoustNav.h; sourceTree = "<group>"; };
		4A0A4A6C1C14386C000D88CB /* XirenCoustNav.m */ = {isa = PBXFileReference; fileEncoding = 4; lastKnownFileType = sourcecode.c.objc; name = XirenCoustNav.m; path = ProClient/XirenCoustNav.m; sourceTree = "<group>"; };
		4A31EFDD1C33CAA4003A147A /* ShuoMingViewController.h */ = {isa = PBXFileReference; fileEncoding = 4; lastKnownFileType = sourcecode.c.h; path = ShuoMingViewController.h; sourceTree = "<group>"; };
		4A31EFDE1C33CAA4003A147A /* ShuoMingViewController.m */ = {isa = PBXFileReference; fileEncoding = 4; lastKnownFileType = sourcecode.c.objc; path = ShuoMingViewController.m; sourceTree = "<group>"; };
		4A31EFDF1C33CAA4003A147A /* ShuoMingViewController.xib */ = {isa = PBXFileReference; fileEncoding = 4; lastKnownFileType = file.xib; path = ShuoMingViewController.xib; sourceTree = "<group>"; };
		4AE3D3FB1C16E31A00C67574 /* Launch Screen.storyboard */ = {isa = PBXFileReference; fileEncoding = 4; lastKnownFileType = file.storyboard; path = "Launch Screen.storyboard"; sourceTree = "<group>"; };
		757886AC7FB0AA1CEAD0579A /* Pods.release.xcconfig */ = {isa = PBXFileReference; includeInIndex = 1; lastKnownFileType = text.xcconfig; name = Pods.release.xcconfig; path = "Pods/Target Support Files/Pods/Pods.release.xcconfig"; sourceTree = "<group>"; };
		A27DD4D7E0D9C78157C2936B /* libPods.a */ = {isa = PBXFileReference; explicitFileType = archive.ar; includeInIndex = 0; path = libPods.a; sourceTree = BUILT_PRODUCTS_DIR; };
		D054ACD5CF6DA35686EFCBAF /* Pods.debug.xcconfig */ = {isa = PBXFileReference; includeInIndex = 1; lastKnownFileType = text.xcconfig; name = Pods.debug.xcconfig; path = "Pods/Target Support Files/Pods/Pods.debug.xcconfig"; sourceTree = "<group>"; };
/* End PBXFileReference section */

/* Begin PBXFrameworksBuildPhase section */
		36B4242D1BB3FF7600F054A9 /* Frameworks */ = {
			isa = PBXFrameworksBuildPhase;
			buildActionMask = 2147483647;
			files = (
				1D229241B0A58A4ABE552093 /* libPods.a in Frameworks */,
			);
			runOnlyForDeploymentPostprocessing = 0;
		};
/* End PBXFrameworksBuildPhase section */

/* Begin PBXGroup section */
		3639047E1BE1BBD0006C442A /* data */ = {
			isa = PBXGroup;
			children = (
				3639047F1BE1BBED006C442A /* indexdata.h */,
				363904801BE1BBED006C442A /* indexdata.m */,
				36F5BD3C1BE2FECB00C373FE /* ProgramPacketViewController.h */,
				36F5BD3D1BE2FECB00C373FE /* ProgramPacketViewController.m */,
				36F5BD3E1BE2FECB00C373FE /* ProgramPacketViewController.xib */,
			);
			name = data;
			sourceTree = "<group>";
		};
		3646C2891BDDC8A00016435E /* netget */ = {
			isa = PBXGroup;
			children = (
				3646C2861BDDC89C0016435E /* NetGetController.h */,
				3646C2871BDDC89C0016435E /* NetGetController.m */,
			);
			name = netget;
			sourceTree = "<group>";
		};
		3646C28D1BDDD3BD0016435E /* categories */ = {
			isa = PBXGroup;
			children = (
				4A0A4A6B1C14386C000D88CB /* XirenCoustNav.h */,
				4A0A4A6C1C14386C000D88CB /* XirenCoustNav.m */,
				3646C28A1BDDD1B60016435E /* UIView+Extension.h */,
				3646C28B1BDDD1B60016435E /* UIView+Extension.m */,
				3646C28E1BDDD3D00016435E /* UIColor+Extension.h */,
				3646C28F1BDDD3D00016435E /* UIColor+Extension.m */,
				3646C2901BDDD3D00016435E /* UIFont+Extension.h */,
				3646C2911BDDD3D00016435E /* UIFont+Extension.m */,
				3646C2921BDDD3D00016435E /* UIImage+Extension.h */,
				3646C2931BDDD3D00016435E /* UIImage+Extension.m */,
				3646C2971BDDD4420016435E /* constants.h */,
				3646C2981BDDD4420016435E /* constants.m */,
			);
			name = categories;
			sourceTree = "<group>";
		};
		36852CD21BB530AD00EC389E /* TabBarControllers */ = {
			isa = PBXGroup;
			children = (
				3677C17D1BB6934900D66738 /* LearnViewController.h */,
				3677C17E1BB6934900D66738 /* LearnViewController.m */,
				3677C17F1BB6934900D66738 /* LearnViewController.xib */,
				3639047E1BE1BBD0006C442A /* data */,
				36852CDD1BB5369E00EC389E /* Index */,
				36852CDE1BB5532C00EC389E /* Config */,
				36EA6D991BB650E3009E755F /* UserCenter */,
			);
			name = TabBarControllers;
			sourceTree = "<group>";
		};
		36852CDD1BB5369E00EC389E /* Index */ = {
			isa = PBXGroup;
			children = (
				36852CDF1BB5537700EC389E /* Index_ViewController.h */,
				36852CE01BB5537700EC389E /* Index_ViewController.m */,
				36852CE11BB5537700EC389E /* Index_ViewController.xib */,
				36852CD81BB5369900EC389E /* Index_Content.h */,
				36852CD91BB5369900EC389E /* Index_Content.m */,
				36852CDA1BB5369900EC389E /* Index_Content.xib */,
			);
			name = Index;
			sourceTree = "<group>";
		};
		36852CDE1BB5532C00EC389E /* Config */ = {
			isa = PBXGroup;
			children = (
				36852CD31BB534C600EC389E /* ConfigViewController.h */,
				36852CD41BB534C600EC389E /* ConfigViewController.m */,
				36852CD51BB534C600EC389E /* ConfigViewController.xib */,
				4A31EFDD1C33CAA4003A147A /* ShuoMingViewController.h */,
				4A31EFDE1C33CAA4003A147A /* ShuoMingViewController.m */,
				4A31EFDF1C33CAA4003A147A /* ShuoMingViewController.xib */,
			);
			name = Config;
			sourceTree = "<group>";
		};
		36B424271BB3FF7600F054A9 = {
			isa = PBXGroup;
			children = (
				4AE3D3FB1C16E31A00C67574 /* Launch Screen.storyboard */,
				36E9DB011BB4EB3E003D664F /* PrefixHeader.pch */,
				3646C28D1BDDD3BD0016435E /* categories */,
				3646C2891BDDC8A00016435E /* netget */,
				36B424321BB3FF7600F054A9 /* ProClient */,
				36B424311BB3FF7600F054A9 /* Products */,
				6502871715DDD126F869D0EC /* Pods */,
				B302BE22D6F94A00B4734A7D /* Frameworks */,
			);
			sourceTree = "<group>";
		};
		36B424311BB3FF7600F054A9 /* Products */ = {
			isa = PBXGroup;
			children = (
				36B424301BB3FF7600F054A9 /* ProClient.app */,
			);
			name = Products;
			sourceTree = "<group>";
		};
		36B424321BB3FF7600F054A9 /* ProClient */ = {
			isa = PBXGroup;
			children = (
				36EA6D941BB6461A009E755F /* WebViewController.h */,
				36EA6D951BB6461A009E755F /* WebViewController.m */,
				36EA6D961BB6461A009E755F /* WebViewController.xib */,
				36B424361BB3FF7600F054A9 /* AppDelegate.h */,
				36B424371BB3FF7600F054A9 /* AppDelegate.m */,
				36852CC31BB5216900EC389E /* MainViewController.h */,
				36852CC41BB5216900EC389E /* MainViewController.m */,
				36852CC51BB5216900EC389E /* MainViewController.xib */,
				36852CC81BB524F500EC389E /* TabBarViewController.h */,
				36852CC91BB524F500EC389E /* TabBarViewController.m */,
				36852CCA1BB524F500EC389E /* TabBarViewController.xib */,
				36852CD21BB530AD00EC389E /* TabBarControllers */,
				36B424391BB3FF7600F054A9 /* ViewController.h */,
				36B4243A1BB3FF7600F054A9 /* ViewController.m */,
				36B4243F1BB3FF7600F054A9 /* Assets.xcassets */,
				36B424441BB3FF7600F054A9 /* Info.plist */,
				36B424331BB3FF7600F054A9 /* Supporting Files */,
			);
			path = ProClient;
			sourceTree = "<group>";
		};
		36B424331BB3FF7600F054A9 /* Supporting Files */ = {
			isa = PBXGroup;
			children = (
				36852CCD1BB52C9500EC389E /* weather.jpg */,
				36B424341BB3FF7600F054A9 /* main.m */,
			);
			name = "Supporting Files";
			sourceTree = "<group>";
		};
		36EA6D991BB650E3009E755F /* UserCenter */ = {
			isa = PBXGroup;
			children = (
				36852CE41BB5541F00EC389E /* UserCenterViewController.h */,
				36852CE51BB5541F00EC389E /* UserCenterViewController.m */,
				36852CE61BB5541F00EC389E /* UserCenterViewController.xib */,
				3677C1781BB68A1800D66738 /* User_Content.h */,
				3677C1791BB68A1800D66738 /* User_Content.m */,
				3677C17A1BB68A1800D66738 /* User_Content.xib */,
			);
			name = UserCenter;
			sourceTree = "<group>";
		};
		6502871715DDD126F869D0EC /* Pods */ = {
			isa = PBXGroup;
			children = (
				D054ACD5CF6DA35686EFCBAF /* Pods.debug.xcconfig */,
				757886AC7FB0AA1CEAD0579A /* Pods.release.xcconfig */,
			);
			name = Pods;
			sourceTree = "<group>";
		};
		B302BE22D6F94A00B4734A7D /* Frameworks */ = {
			isa = PBXGroup;
			children = (
				A27DD4D7E0D9C78157C2936B /* libPods.a */,
			);
			name = Frameworks;
			sourceTree = "<group>";
		};
/* End PBXGroup section */

/* Begin PBXNativeTarget section */
		36B4242F1BB3FF7600F054A9 /* ProClient */ = {
			isa = PBXNativeTarget;
			buildConfigurationList = 36B424471BB3FF7600F054A9 /* Build configuration list for PBXNativeTarget "ProClient" */;
			buildPhases = (
				9E213F72EB065D7537EE49E9 /* Check Pods Manifest.lock */,
				36B4242C1BB3FF7600F054A9 /* Sources */,
				36B4242D1BB3FF7600F054A9 /* Frameworks */,
				36B4242E1BB3FF7600F054A9 /* Resources */,
				9445C3118AD9F860FEFD0BE9 /* Copy Pods Resources */,
			);
			buildRules = (
			);
			dependencies = (
			);
			name = ProClient;
			productName = ProClient;
			productReference = 36B424301BB3FF7600F054A9 /* ProClient.app */;
			productType = "com.apple.product-type.application";
		};
/* End PBXNativeTarget section */

/* Begin PBXProject section */
		36B424281BB3FF7600F054A9 /* Project object */ = {
			isa = PBXProject;
			attributes = {
				LastUpgradeCheck = 0700;
				ORGANIZATIONNAME = pipi;
				TargetAttributes = {
					36B4242F1BB3FF7600F054A9 = {
						CreatedOnToolsVersion = 7.0;
						DevelopmentTeam = TEPB3LJJA6;
					};
				};
			};
			buildConfigurationList = 36B4242B1BB3FF7600F054A9 /* Build configuration list for PBXProject "ProClient" */;
			compatibilityVersion = "Xcode 3.2";
			developmentRegion = English;
			hasScannedForEncodings = 0;
			knownRegions = (
				en,
				Base,
			);
			mainGroup = 36B424271BB3FF7600F054A9;
			productRefGroup = 36B424311BB3FF7600F054A9 /* Products */;
			projectDirPath = "";
			projectRoot = "";
			targets = (
				36B4242F1BB3FF7600F054A9 /* ProClient */,
			);
		};
/* End PBXProject section */

/* Begin PBXResourcesBuildPhase section */
		36B4242E1BB3FF7600F054A9 /* Resources */ = {
			isa = PBXResourcesBuildPhase;
			buildActionMask = 2147483647;
			files = (
				36852CD71BB534C600EC389E /* ConfigViewController.xib in Resources */,
				36852CCE1BB52C9500EC389E /* weather.jpg in Resources */,
				4A31EFE11C33CAA4003A147A /* ShuoMingViewController.xib in Resources */,
				36B424401BB3FF7600F054A9 /* Assets.xcassets in Resources */,
				36EA6D981BB6461A009E755F /* WebViewController.xib in Resources */,
				4AE3D3FC1C16E31A00C67574 /* Launch Screen.storyboard in Resources */,
				36852CCC1BB524F500EC389E /* TabBarViewController.xib in Resources */,
				36852CE81BB5541F00EC389E /* UserCenterViewController.xib in Resources */,
				3677C1811BB6934900D66738 /* LearnViewController.xib in Resources */,
				3677C17C1BB68A1800D66738 /* User_Content.xib in Resources */,
				36852CDC1BB5369900EC389E /* Index_Content.xib in Resources */,
				36F5BD401BE2FECB00C373FE /* ProgramPacketViewController.xib in Resources */,
				36852CC71BB5216900EC389E /* MainViewController.xib in Resources */,
				36852CE31BB5537700EC389E /* Index_ViewController.xib in Resources */,
			);
			runOnlyForDeploymentPostprocessing = 0;
		};
/* End PBXResourcesBuildPhase section */

/* Begin PBXShellScriptBuildPhase section */
		9445C3118AD9F860FEFD0BE9 /* Copy Pods Resources */ = {
			isa = PBXShellScriptBuildPhase;
			buildActionMask = 2147483647;
			files = (
			);
			inputPaths = (
			);
			name = "Copy Pods Resources";
			outputPaths = (
			);
			runOnlyForDeploymentPostprocessing = 0;
			shellPath = /bin/sh;
			shellScript = "\"${SRCROOT}/Pods/Target Support Files/Pods/Pods-resources.sh\"\n";
			showEnvVarsInLog = 0;
		};
		9E213F72EB065D7537EE49E9 /* Check Pods Manifest.lock */ = {
			isa = PBXShellScriptBuildPhase;
			buildActionMask = 2147483647;
			files = (
			);
			inputPaths = (
			);
			name = "Check Pods Manifest.lock";
			outputPaths = (
			);
			runOnlyForDeploymentPostprocessing = 0;
			shellPath = /bin/sh;
			shellScript = "diff \"${PODS_ROOT}/../Podfile.lock\" \"${PODS_ROOT}/Manifest.lock\" > /dev/null\nif [[ $? != 0 ]] ; then\n    cat << EOM\nerror: The sandbox is not in sync with the Podfile.lock. Run 'pod install' or update your CocoaPods installation.\nEOM\n    exit 1\nfi\n";
			showEnvVarsInLog = 0;
		};
/* End PBXShellScriptBuildPhase section */

/* Begin PBXSourcesBuildPhase section */
		36B4242C1BB3FF7600F054A9 /* Sources */ = {
			isa = PBXSourcesBuildPhase;
			buildActionMask = 2147483647;
			files = (
				36852CE21BB5537700EC389E /* Index_ViewController.m in Sources */,
				4A0A4A6D1C14386C000D88CB /* XirenCoustNav.m in Sources */,
				3677C17B1BB68A1800D66738 /* User_Content.m in Sources */,
				3646C2961BDDD3D00016435E /* UIImage+Extension.m in Sources */,
				36EA6D971BB6461A009E755F /* WebViewController.m in Sources */,
				36852CD61BB534C600EC389E /* ConfigViewController.m in Sources */,
				36852CC61BB5216900EC389E /* MainViewController.m in Sources */,
				36B4243B1BB3FF7600F054A9 /* ViewController.m in Sources */,
				36852CDB1BB5369900EC389E /* Index_Content.m in Sources */,
				3646C2941BDDD3D00016435E /* UIColor+Extension.m in Sources */,
				3677C1801BB6934900D66738 /* LearnViewController.m in Sources */,
				36B424381BB3FF7600F054A9 /* AppDelegate.m in Sources */,
				3646C2951BDDD3D00016435E /* UIFont+Extension.m in Sources */,
				363904811BE1BBED006C442A /* indexdata.m in Sources */,
				4A31EFE01C33CAA4003A147A /* ShuoMingViewController.m in Sources */,
				36852CCB1BB524F500EC389E /* TabBarViewController.m in Sources */,
				3646C28C1BDDD1B60016435E /* UIView+Extension.m in Sources */,
				36F5BD3F1BE2FECB00C373FE /* ProgramPacketViewController.m in Sources */,
				36852CE71BB5541F00EC389E /* UserCenterViewController.m in Sources */,
				3646C2991BDDD4420016435E /* constants.m in Sources */,
				3646C2881BDDC89C0016435E /* NetGetController.m in Sources */,
				36B424351BB3FF7600F054A9 /* main.m in Sources */,
			);
			runOnlyForDeploymentPostprocessing = 0;
		};
/* End PBXSourcesBuildPhase section */

/* Begin XCBuildConfiguration section */
		36B424451BB3FF7600F054A9 /* Debug */ = {
			isa = XCBuildConfiguration;
			buildSettings = {
				ALWAYS_SEARCH_USER_PATHS = NO;
				CLANG_CXX_LANGUAGE_STANDARD = "gnu++0x";
				CLANG_CXX_LIBRARY = "libc++";
				CLANG_ENABLE_MODULES = YES;
				CLANG_ENABLE_OBJC_ARC = YES;
				CLANG_WARN_BOOL_CONVERSION = YES;
				CLANG_WARN_CONSTANT_CONVERSION = YES;
				CLANG_WARN_DIRECT_OBJC_ISA_USAGE = YES_ERROR;
				CLANG_WARN_EMPTY_BODY = YES;
				CLANG_WARN_ENUM_CONVERSION = YES;
				CLANG_WARN_INT_CONVERSION = YES;
				CLANG_WARN_OBJC_ROOT_CLASS = YES_ERROR;
				CLANG_WARN_UNREACHABLE_CODE = YES;
				CLANG_WARN__DUPLICATE_METHOD_MATCH = YES;
				"CODE_SIGN_IDENTITY[sdk=iphoneos*]" = "iPhone Developer";
				COPY_PHASE_STRIP = NO;
				DEBUG_INFORMATION_FORMAT = dwarf;
				ENABLE_STRICT_OBJC_MSGSEND = YES;
				ENABLE_TESTABILITY = YES;
				GCC_C_LANGUAGE_STANDARD = gnu99;
				GCC_DYNAMIC_NO_PIC = NO;
				GCC_NO_COMMON_BLOCKS = YES;
				GCC_OPTIMIZATION_LEVEL = 0;
				GCC_PREPROCESSOR_DEFINITIONS = (
					"DEBUG=1",
					"$(inherited)",
				);
				GCC_WARN_64_TO_32_BIT_CONVERSION = YES;
				GCC_WARN_ABOUT_RETURN_TYPE = YES_ERROR;
				GCC_WARN_UNDECLARED_SELECTOR = YES;
				GCC_WARN_UNINITIALIZED_AUTOS = YES_AGGRESSIVE;
				GCC_WARN_UNUSED_FUNCTION = YES;
				GCC_WARN_UNUSED_VARIABLE = YES;
				IPHONEOS_DEPLOYMENT_TARGET = 7.0;
				MTL_ENABLE_DEBUG_INFO = YES;
				ONLY_ACTIVE_ARCH = YES;
				SDKROOT = iphoneos;
			};
			name = Debug;
		};
		36B424461BB3FF7600F054A9 /* Release */ = {
			isa = XCBuildConfiguration;
			buildSettings = {
				ALWAYS_SEARCH_USER_PATHS = NO;
				CLANG_CXX_LANGUAGE_STANDARD = "gnu++0x";
				CLANG_CXX_LIBRARY = "libc++";
				CLANG_ENABLE_MODULES = YES;
				CLANG_ENABLE_OBJC_ARC = YES;
				CLANG_WARN_BOOL_CONVERSION = YES;
				CLANG_WARN_CONSTANT_CONVERSION = YES;
				CLANG_WARN_DIRECT_OBJC_ISA_USAGE = YES_ERROR;
				CLANG_WARN_EMPTY_BODY = YES;
				CLANG_WARN_ENUM_CONVERSION = YES;
				CLANG_WARN_INT_CONVERSION = YES;
				CLANG_WARN_OBJC_ROOT_CLASS = YES_ERROR;
				CLANG_WARN_UNREACHABLE_CODE = YES;
				CLANG_WARN__DUPLICATE_METHOD_MATCH = YES;
				"CODE_SIGN_IDENTITY[sdk=iphoneos*]" = "iPhone Developer";
				COPY_PHASE_STRIP = NO;
				DEBUG_INFORMATION_FORMAT = "dwarf-with-dsym";
				ENABLE_NS_ASSERTIONS = NO;
				ENABLE_STRICT_OBJC_MSGSEND = YES;
				GCC_C_LANGUAGE_STANDARD = gnu99;
				GCC_NO_COMMON_BLOCKS = YES;
				GCC_WARN_64_TO_32_BIT_CONVERSION = YES;
				GCC_WARN_ABOUT_RETURN_TYPE = YES_ERROR;
				GCC_WARN_UNDECLARED_SELECTOR = YES;
				GCC_WARN_UNINITIALIZED_AUTOS = YES_AGGRESSIVE;
				GCC_WARN_UNUSED_FUNCTION = YES;
				GCC_WARN_UNUSED_VARIABLE = YES;
				IPHONEOS_DEPLOYMENT_TARGET = 7.0;
				MTL_ENABLE_DEBUG_INFO = NO;
				SDKROOT = iphoneos;
				VALIDATE_PRODUCT = YES;
			};
			name = Release;
		};
		36B424481BB3FF7600F054A9 /* Debug */ = {
			isa = XCBuildConfiguration;
			baseConfigurationReference = D054ACD5CF6DA35686EFCBAF /* Pods.debug.xcconfig */;
			buildSettings = {
				ASSETCATALOG_COMPILER_APPICON_NAME = AppIcon;
				ASSETCATALOG_COMPILER_LAUNCHIMAGE_NAME = "Brand Assets";
				CODE_SIGN_IDENTITY = "iPhone Developer";
				"CODE_SIGN_IDENTITY[sdk=iphoneos*]" = "iPhone Developer";
				COPY_HEADERS_RUN_UNIFDEF = NO;
				COPY_HEADERS_UNIFDEF_FLAGS = "";
				GCC_OPTIMIZATION_LEVEL = 0;
				GCC_PREFIX_HEADER = PrefixHeader.pch;
				INFOPLIST_FILE = ProClient/Info.plist;
				INFOPLIST_PREFIX_HEADER = "";
				IPHONEOS_DEPLOYMENT_TARGET = 7.0;
				LD_RUNPATH_SEARCH_PATHS = "$(inherited) @executable_path/Frameworks";
				PRODUCT_BUNDLE_IDENTIFIER = com.BoF.ProClient;
				PRODUCT_NAME = "$(TARGET_NAME)";
				PROVISIONING_PROFILE = "";
			};
			name = Debug;
		};
		36B424491BB3FF7600F054A9 /* Release */ = {
			isa = XCBuildConfiguration;
			baseConfigurationReference = 757886AC7FB0AA1CEAD0579A /* Pods.release.xcconfig */;
			buildSettings = {
				ASSETCATALOG_COMPILER_APPICON_NAME = AppIcon;
				ASSETCATALOG_COMPILER_LAUNCHIMAGE_NAME = "Brand Assets";
				CODE_SIGN_IDENTITY = "iPhone Developer";
				"CODE_SIGN_IDENTITY[sdk=iphoneos*]" = "iPhone Developer";
				COPY_HEADERS_RUN_UNIFDEF = NO;
				COPY_HEADERS_UNIFDEF_FLAGS = "";
				GCC_OPTIMIZATION_LEVEL = 0;
				GCC_PREFIX_HEADER = PrefixHeader.pch;
				INFOPLIST_FILE = ProClient/Info.plist;
				INFOPLIST_PREFIX_HEADER = "";
				IPHONEOS_DEPLOYMENT_TARGET = 7.0;
				LD_RUNPATH_SEARCH_PATHS = "$(inherited) @executable_path/Frameworks";
				PRODUCT_BUNDLE_IDENTIFIER = com.BoF.ProClient;
				PRODUCT_NAME = "$(TARGET_NAME)";
				PROVISIONING_PROFILE = "";
			};
			name = Release;
		};
/* End XCBuildConfiguration section */

/* Begin XCConfigurationList section */
		36B4242B1BB3FF7600F054A9 /* Build configuration list for PBXProject "ProClient" */ = {
			isa = XCConfigurationList;
			buildConfigurations = (
				36B424451BB3FF7600F054A9 /* Debug */,
				36B424461BB3FF7600F054A9 /* Release */,
			);
			defaultConfigurationIsVisible = 0;
			defaultConfigurationName = Release;
		};
		36B424471BB3FF7600F054A9 /* Build configuration list for PBXNativeTarget "ProClient" */ = {
			isa = XCConfigurationList;
			buildConfigurations = (
				36B424481BB3FF7600F054A9 /* Debug */,
				36B424491BB3FF7600F054A9 /* Release */,
			);
			defaultConfigurationIsVisible = 0;
			defaultConfigurationName = Release;
		};
/* End XCConfigurationList section */
	};
	rootObject = 36B424281BB3FF7600F054A9 /* Project object */;
}
